dependencies:
  espressif/esp-modbus:
    component_hash: 
      5d5e90b9e55721a8a194b301ad8102d4affb647f47b74cd413ff7d1ce2c1169c
    dependencies:
    - name: idf
      require: private
      version: '>=4.3'
    source:
      registry_url: https://components.espressif.com/
      type: service
    version: 1.0.18
  idf:
    source:
      type: idf
    version: 5.4.1
direct_dependencies:
- espressif/esp-modbus
- idf
manifest_hash: ca925eccb22898e7ce01e9ffa898cb7973d50db6db85abb4279d061345c44522
target: esp32
version: 2.0.0
